// !$*UTF8*$!
{
	archiveVersion = 1;
	classes = {
	};
	objectVersion = 50;
	objects = {

/* Begin PBXBuildFile section */
		F5D9D62B27559C90004F1BFD /* AppDelegate.swift in Sources */ = {isa = PBXBuildFile; fileRef = F5D9D62A27559C90004F1BFD /* AppDelegate.swift */; };
		F5D9D62D27559C90004F1BFD /* SceneDelegate.swift in Sources */ = {isa = PBXBuildFile; fileRef = F5D9D62C27559C90004F1BFD /* SceneDelegate.swift */; };
		F5D9D62F27559C90004F1BFD /* ViewController.swift in Sources */ = {isa = PBXBuildFile; fileRef = F5D9D62E27559C90004F1BFD /* ViewController.swift */; };
		F5D9D63227559C90004F1BFD /* Main.storyboard in Resources */ = {isa = PBXBuildFile; fileRef = F5D9D63027559C90004F1BFD /* Main.storyboard */; };
		F5D9D63427559CBB004F1BFD /* Assets.xcassets in Resources */ = {isa = PBXBuildFile; fileRef = F5D9D63327559CBB004F1BFD /* Assets.xcassets */; };
		F5D9D63727559CBB004F1BFD /* LaunchScreen.storyboard in Resources */ = {isa = PBXBuildFile; fileRef = F5D9D63527559CBB004F1BFD /* LaunchScreen.storyboard */; };
		F5D9D64227559CBD004F1BFD /* IOSAssignmentTwoTests.swift in Sources */ = {isa = PBXBuildFile; fileRef = F5D9D64127559CBD004F1BFD /* IOSAssignmentTwoTests.swift */; };
		F5D9D64D27559CBD004F1BFD /* IOSAssignmentTwoUITests.swift in Sources */ = {isa = PBXBuildFile; fileRef = F5D9D64C27559CBD004F1BFD /* IOSAssignmentTwoUITests.swift */; };
/* End PBXBuildFile section */

/* Begin PBXContainerItemProxy section */
		F5D9D63E27559CBD004F1BFD /* PBXContainerItemProxy */ = {
			isa = PBXContainerItemProxy;
			containerPortal = F5D9D61F27559C8F004F1BFD /* Project object */;
			proxyType = 1;
			remoteGlobalIDString = F5D9D62627559C8F004F1BFD;
			remoteInfo = IOSAssignmentTwo;
		};
		F5D9D64927559CBD004F1BFD /* PBXContainerItemProxy */ = {
			isa = PBXContainerItemProxy;
			containerPortal = F5D9D61F27559C8F004F1BFD /* Project object */;
			proxyType = 1;
			remoteGlobalIDString = F5D9D62627559C8F004F1BFD;
			remoteInfo = IOSAssignmentTwo;
		};
/* End PBXContainerItemProxy section */

/* Begin PBXFileReference section */
		F5D9D62727559C90004F1BFD /* IOSAssignmentTwo.app */ = {isa = PBXFileReference; explicitFileType = wrapper.application; includeInIndex = 0; path = IOSAssignmentTwo.app; sourceTree = BUILT_PRODUCTS_DIR; };
		F5D9D62A27559C90004F1BFD /* AppDelegate.swift */ = {isa = PBXFileReference; lastKnownFileType = sourcecode.swift; path = AppDelegate.swift; sourceTree = "<group>"; };
		F5D9D62C27559C90004F1BFD /* SceneDelegate.swift */ = {isa = PBXFileReference; lastKnownFileType = sourcecode.swift; path = SceneDelegate.swift; sourceTree = "<group>"; };
		F5D9D62E27559C90004F1BFD /* ViewController.swift */ = {isa = PBXFileReference; lastKnownFileType = sourcecode.swift; path = ViewController.swift; sourceTree = "<group>"; };
		F5D9D63127559C90004F1BFD /* Base */ = {isa = PBXFileReference; lastKnownFileType = file.storyboard; name = Base; path = Base.lproj/Main.storyboard; sourceTree = "<group>"; };
		F5D9D63327559CBB004F1BFD /* Assets.xcassets */ = {isa = PBXFileReference; lastKnownFileType = folder.assetcatalog; path = Assets.xcassets; sourceTree = "<group>"; };
		F5D9D63627559CBB004F1BFD /* Base */ = {isa = PBXFileReference; lastKnownFileType = file.storyboard; name = Base; path = Base.lproj/LaunchScreen.storyboard; sourceTree = "<group>"; };
		F5D9D63827559CBB004F1BFD /* Info.plist */ = {isa = PBXFileReference; lastKnownFileType = text.plist.xml; path = Info.plist; sourceTree = "<group>"; };
		F5D9D63D27559CBD004F1BFD /* IOSAssignmentTwoTests.xctest */ = {isa = PBXFileReference; explicitFileType = wrapper.cfbundle; includeInIndex = 0; path = IOSAssignmentTwoTests.xctest; sourceTree = BUILT_PRODUCTS_DIR; };
		F5D9D64127559CBD004F1BFD /* IOSAssignmentTwoTests.swift */ = {isa = PBXFileReference; lastKnownFileType = sourcecode.swift; path = IOSAssignmentTwoTests.swift; sourceTree = "<group>"; };
		F5D9D64327559CBD004F1BFD /* Info.plist */ = {isa = PBXFileReference; lastKnownFileType = text.plist.xml; path = Info.plist; sourceTree = "<group>"; };
		F5D9D64827559CBD004F1BFD /* IOSAssignmentTwoUITests.xctest */ = {isa = PBXFileReference; explicitFileType = wrapper.cfbundle; includeInIndex = 0; path = IOSAssignmentTwoUITests.xctest; sourceTree = BUILT_PRODUCTS_DIR; };
		F5D9D64C27559CBD004F1BFD /* IOSAssignmentTwoUITests.swift */ = {isa = PBXFileReference; lastKnownFileType = sourcecode.swift; path = IOSAssignmentTwoUITests.swift; sourceTree = "<group>"; };
		F5D9D64E27559CBD004F1BFD /* Info.plist */ = {isa = PBXFileReference; lastKnownFileType = text.plist.xml; path = Info.plist; sourceTree = "<group>"; };
/* End PBXFileReference section */

/* Begin PBXFrameworksBuildPhase section */
		F5D9D62427559C8F004F1BFD /* Frameworks */ = {
			isa = PBXFrameworksBuildPhase;
			buildActionMask = 2147483647;
			files = (
			);
			runOnlyForDeploymentPostprocessing = 0;
		};
		F5D9D63A27559CBC004F1BFD /* Frameworks */ = {
			isa = PBXFrameworksBuildPhase;
			buildActionMask = 2147483647;
			files = (
			);
			runOnlyForDeploymentPostprocessing = 0;
		};
		F5D9D64527559CBD004F1BFD /* Frameworks */ = {
			isa = PBXFrameworksBuildPhase;
			buildActionMask = 2147483647;
			files = (
			);
			runOnlyForDeploymentPostprocessing = 0;
		};
/* End PBXFrameworksBuildPhase section */

/* Begin PBXGroup section */
		F5D9D61E27559C8F004F1BFD = {
			isa = PBXGroup;
			children = (
				F5D9D62927559C90004F1BFD /* IOSAssignmentTwo */,
				F5D9D64027559CBD004F1BFD /* IOSAssignmentTwoTests */,
				F5D9D64B27559CBD004F1BFD /* IOSAssignmentTwoUITests */,
				F5D9D62827559C90004F1BFD /* Products */,
			);
			sourceTree = "<group>";
		};
		F5D9D62827559C90004F1BFD /* Products */ = {
			isa = PBXGroup;
			children = (
				F5D9D62727559C90004F1BFD /* IOSAssignmentTwo.app */,
				F5D9D63D27559CBD004F1BFD /* IOSAssignmentTwoTests.xctest */,
				F5D9D64827559CBD004F1BFD /* IOSAssignmentTwoUITests.xctest */,
			);
			name = Products;
			sourceTree = "<group>";
		};
		F5D9D62927559C90004F1BFD /* IOSAssignmentTwo */ = {
			isa = PBXGroup;
			children = (
				F5D9D62A27559C90004F1BFD /* AppDelegate.swift */,
				F5D9D62C27559C90004F1BFD /* SceneDelegate.swift */,
				F5D9D62E27559C90004F1BFD /* ViewController.swift */,
				F5D9D63027559C90004F1BFD /* Main.storyboard */,
				F5D9D63327559CBB004F1BFD /* Assets.xcassets */,
				F5D9D63527559CBB004F1BFD /* LaunchScreen.storyboard */,
				F5D9D63827559CBB004F1BFD /* Info.plist */,
			);
			path = IOSAssignmentTwo;
			sourceTree = "<group>";
		};
		F5D9D64027559CBD004F1BFD /* IOSAssignmentTwoTests */ = {
			isa = PBXGroup;
			children = (
				F5D9D64127559CBD004F1BFD /* IOSAssignmentTwoTests.swift */,
				F5D9D64327559CBD004F1BFD /* Info.plist */,
			);
			path = IOSAssignmentTwoTests;
			sourceTree = "<group>";
		};
		F5D9D64B27559CBD004F1BFD /* IOSAssignmentTwoUITests */ = {
			isa = PBXGroup;
			children = (
				F5D9D64C27559CBD004F1BFD /* IOSAssignmentTwoUITests.swift */,
				F5D9D64E27559CBD004F1BFD /* Info.plist */,
			);
			path = IOSAssignmentTwoUITests;
			sourceTree = "<group>";
		};
/* End PBXGroup section */

/* Begin PBXNativeTarget section */
		F5D9D62627559C8F004F1BFD /* IOSAssignmentTwo */ = {
			isa = PBXNativeTarget;
			buildConfigurationList = F5D9D65127559CBD004F1BFD /* Build configuration list for PBXNativeTarget "IOSAssignmentTwo" */;
			buildPhases = (
				F5D9D62327559C8F004F1BFD /* Sources */,
				F5D9D62427559C8F004F1BFD /* Frameworks */,
				F5D9D62527559C8F004F1BFD /* Resources */,
			);
			buildRules = (
			);
			dependencies = (
			);
			name = IOSAssignmentTwo;
			productName = IOSAssignmentTwo;
			productReference = F5D9D62727559C90004F1BFD /* IOSAssignmentTwo.app */;
			productType = "com.apple.product-type.application";
		};
		F5D9D63C27559CBC004F1BFD /* IOSAssignmentTwoTests */ = {
			isa = PBXNativeTarget;
			buildConfigurationList = F5D9D65427559CBD004F1BFD /* Build configuration list for PBXNativeTarget "IOSAssignmentTwoTests" */;
			buildPhases = (
				F5D9D63927559CBC004F1BFD /* Sources */,
				F5D9D63A27559CBC004F1BFD /* Frameworks */,
				F5D9D63B27559CBC004F1BFD /* Resources */,
			);
			buildRules = (
			);
			dependencies = (
				F5D9D63F27559CBD004F1BFD /* PBXTargetDependency */,
			);
			name = IOSAssignmentTwoTests;
			productName = IOSAssignmentTwoTests;
			productReference = F5D9D63D27559CBD004F1BFD /* IOSAssignmentTwoTests.xctest */;
			productType = "com.apple.product-type.bundle.unit-test";
		};
		F5D9D64727559CBD004F1BFD /* IOSAssignmentTwoUITests */ = {
			isa = PBXNativeTarget;
			buildConfigurationList = F5D9D65727559CBD004F1BFD /* Build configuration list for PBXNativeTarget "IOSAssignmentTwoUITests" */;
			buildPhases = (
				F5D9D64427559CBD004F1BFD /* Sources */,
				F5D9D64527559CBD004F1BFD /* Frameworks */,
				F5D9D64627559CBD004F1BFD /* Resources */,
			);
			buildRules = (
			);
			dependencies = (
				F5D9D64A27559CBD004F1BFD /* PBXTargetDependency */,
			);
			name = IOSAssignmentTwoUITests;
			productName = IOSAssignmentTwoUITests;
			productReference = F5D9D64827559CBD004F1BFD /* IOSAssignmentTwoUITests.xctest */;
			productType = "com.apple.product-type.bundle.ui-testing";
		};
/* End PBXNativeTarget section */

/* Begin PBXProject section */
		F5D9D61F27559C8F004F1BFD /* Project object */ = {
			isa = PBXProject;
			attributes = {
				LastSwiftUpdateCheck = 1250;
				LastUpgradeCheck = 1250;
				TargetAttributes = {
					F5D9D62627559C8F004F1BFD = {
						CreatedOnToolsVersion = 12.5.1;
					};
					F5D9D63C27559CBC004F1BFD = {
						CreatedOnToolsVersion = 12.5.1;
						TestTargetID = F5D9D62627559C8F004F1BFD;
					};
					F5D9D64727559CBD004F1BFD = {
						CreatedOnToolsVersion = 12.5.1;
						TestTargetID = F5D9D62627559C8F004F1BFD;
					};
				};
			};
			buildConfigurationList = F5D9D62227559C8F004F1BFD /* Build configuration list for PBXProject "IOSAssignmentTwo" */;
			compatibilityVersion = "Xcode 9.3";
			developmentRegion = en;
			hasScannedForEncodings = 0;
			knownRegions = (
				en,
				Base,
			);
			mainGroup = F5D9D61E27559C8F004F1BFD;
			productRefGroup = F5D9D62827559C90004F1BFD /* Products */;
			projectDirPath = "";
			projectRoot = "";
			targets = (
				F5D9D62627559C8F004F1BFD /* IOSAssignmentTwo */,
				F5D9D63C27559CBC004F1BFD /* IOSAssignmentTwoTests */,
				F5D9D64727559CBD004F1BFD /* IOSAssignmentTwoUITests */,
			);
		};
/* End PBXProject section */

/* Begin PBXResourcesBuildPhase section */
		F5D9D62527559C8F004F1BFD /* Resources */ = {
			isa = PBXResourcesBuildPhase;
			buildActionMask = 2147483647;
			files = (
				F5D9D63727559CBB004F1BFD /* LaunchScreen.storyboard in Resources */,
				F5D9D63427559CBB004F1BFD /* Assets.xcassets in Resources */,
				F5D9D63227559C90004F1BFD /* Main.storyboard in Resources */,
			);
			runOnlyForDeploymentPostprocessing = 0;
		};
		F5D9D63B27559CBC004F1BFD /* Resources */ = {
			isa = PBXResourcesBuildPhase;
			buildActionMask = 2147483647;
			files = (
			);
			runOnlyForDeploymentPostprocessing = 0;
		};
		F5D9D64627559CBD004F1BFD /* Resources */ = {
			isa = PBXResourcesBuildPhase;
			buildActionMask = 2147483647;
			files = (
			);
			runOnlyForDeploymentPostprocessing = 0;
		};
/* End PBXResourcesBuildPhase section */

/* Begin PBXSourcesBuildPhase section */
		F5D9D62327559C8F004F1BFD /* Sources */ = {
			isa = PBXSourcesBuildPhase;
			buildActionMask = 2147483647;
			files = (
				F5D9D62F27559C90004F1BFD /* ViewController.swift in Sources */,
				F5D9D62B27559C90004F1BFD /* AppDelegate.swift in Sources */,
				F5D9D62D27559C90004F1BFD /* SceneDelegate.swift in Sources */,
			);
			runOnlyForDeploymentPostprocessing = 0;
		};
		F5D9D63927559CBC004F1BFD /* Sources */ = {
			isa = PBXSourcesBuildPhase;
			buildActionMask = 2147483647;
			files = (
				F5D9D64227559CBD004F1BFD /* IOSAssignmentTwoTests.swift in Sources */,
			);
			runOnlyForDeploymentPostprocessing = 0;
		};
		F5D9D64427559CBD004F1BFD /* Sources */ = {
			isa = PBXSourcesBuildPhase;
			buildActionMask = 2147483647;
			files = (
				F5D9D64D27559CBD004F1BFD /* IOSAssignmentTwoUITests.swift in Sources */,
			);
			runOnlyForDeploymentPostprocessing = 0;
		};
/* End PBXSourcesBuildPhase section */

/* Begin PBXTargetDependency section */
		F5D9D63F27559CBD004F1BFD /* PBXTargetDependency */ = {
			isa = PBXTargetDependency;
			target = F5D9D62627559C8F004F1BFD /* IOSAssignmentTwo */;
			targetProxy = F5D9D63E27559CBD004F1BFD /* PBXContainerItemProxy */;
		};
		F5D9D64A27559CBD004F1BFD /* PBXTargetDependency */ = {
			isa = PBXTargetDependency;
			target = F5D9D62627559C8F004F1BFD /* IOSAssignmentTwo */;
			targetProxy = F5D9D64927559CBD004F1BFD /* PBXContainerItemProxy */;
		};
/* End PBXTargetDependency section */

/* Begin PBXVariantGroup section */
		F5D9D63027559C90004F1BFD /* Main.storyboard */ = {
			isa = PBXVariantGroup;
			children = (
				F5D9D63127559C90004F1BFD /* Base */,
			);
			name = Main.storyboard;
			sourceTree = "<group>";
		};
		F5D9D63527559CBB004F1BFD /* LaunchScreen.storyboard */ = {
			isa = PBXVariantGroup;
			children = (
				F5D9D63627559CBB004F1BFD /* Base */,
			);
			name = LaunchScreen.storyboard;
			sourceTree = "<group>";
		};
/* End PBXVariantGroup section */

/* Begin XCBuildConfiguration section */
		F5D9D64F27559CBD004F1BFD /* Debug */ = {
			isa = XCBuildConfiguration;
			buildSettings = {
				ALWAYS_SEARCH_USER_PATHS = NO;
				CLANG_ANALYZER_NONNULL = YES;
				CLANG_ANALYZER_NUMBER_OBJECT_CONVERSION = YES_AGGRESSIVE;
				CLANG_CXX_LANGUAGE_STANDARD = "gnu++14";
				CLANG_CXX_LIBRARY = "libc++";
				CLANG_ENABLE_MODULES = YES;
				CLANG_ENABLE_OBJC_ARC = YES;
				CLANG_ENABLE_OBJC_WEAK = YES;
				CLANG_WARN_BLOCK_CAPTURE_AUTORELEASING = YES;
				CLANG_WARN_BOOL_CONVERSION = YES;
				CLANG_WARN_COMMA = YES;
				CLANG_WARN_CONSTANT_CONVERSION = YES;
				CLANG_WARN_DEPRECATED_OBJC_IMPLEMENTATIONS = YES;
				CLANG_WARN_DIRECT_OBJC_ISA_USAGE = YES_ERROR;
				CLANG_WARN_DOCUMENTATION_COMMENTS = YES;
				CLANG_WARN_EMPTY_BODY = YES;
				CLANG_WARN_ENUM_CONVERSION = YES;
				CLANG_WARN_INFINITE_RECURSION = YES;
				CLANG_WARN_INT_CONVERSION = YES;
				CLANG_WARN_NON_LITERAL_NULL_CONVERSION = YES;
				CLANG_WARN_OBJC_IMPLICIT_RETAIN_SELF = YES;
				CLANG_WARN_OBJC_LITERAL_CONVERSION = YES;
				CLANG_WARN_OBJC_ROOT_CLASS = YES_ERROR;
				CLANG_WARN_QUOTED_INCLUDE_IN_FRAMEWORK_HEADER = YES;
				CLANG_WARN_RANGE_LOOP_ANALYSIS = YES;
				CLANG_WARN_STRICT_PROTOTYPES = YES;
				CLANG_WARN_SUSPICIOUS_MOVE = YES;
				CLANG_WARN_UNGUARDED_AVAILABILITY = YES_AGGRESSIVE;
				CLANG_WARN_UNREACHABLE_CODE = YES;
				CLANG_WARN__DUPLICATE_METHOD_MATCH = YES;
				COPY_PHASE_STRIP = NO;
				DEBUG_INFORMATION_FORMAT = dwarf;
				ENABLE_STRICT_OBJC_MSGSEND = YES;
				ENABLE_TESTABILITY = YES;
				GCC_C_LANGUAGE_STANDARD = gnu11;
				GCC_DYNAMIC_NO_PIC = NO;
				GCC_NO_COMMON_BLOCKS = YES;
				GCC_OPTIMIZATION_LEVEL = 0;
				GCC_PREPROCESSOR_DEFINITIONS = (
					"DEBUG=1",
					"$(inherited)",
				);
				GCC_WARN_64_TO_32_BIT_CONVERSION = YES;
				GCC_WARN_ABOUT_RETURN_TYPE = YES_ERROR;
				GCC_WARN_UNDECLARED_SELECTOR = YES;
				GCC_WARN_UNINITIALIZED_AUTOS = YES_AGGRESSIVE;
				GCC_WARN_UNUSED_FUNCTION = YES;
				GCC_WARN_UNUSED_VARIABLE = YES;
				IPHONEOS_DEPLOYMENT_TARGET = 14.5;
				MTL_ENABLE_DEBUG_INFO = INCLUDE_SOURCE;
				MTL_FAST_MATH = YES;
				ONLY_ACTIVE_ARCH = YES;
				SDKROOT = iphoneos;
				SWIFT_ACTIVE_COMPILATION_CONDITIONS = DEBUG;
				SWIFT_OPTIMIZATION_LEVEL = "-Onone";
			};
			name = Debug;
		};
		F5D9D65027559CBD004F1BFD /* Release */ = {
			isa = XCBuildConfiguration;
			buildSettings = {
				ALWAYS_SEARCH_USER_PATHS = NO;
				CLANG_ANALYZER_NONNULL = YES;
				CLANG_ANALYZER_NUMBER_OBJECT_CONVERSION = YES_AGGRESSIVE;
				CLANG_CXX_LANGUAGE_STANDARD = "gnu++14";
				CLANG_CXX_LIBRARY = "libc++";
				CLANG_ENABLE_MODULES = YES;
				CLANG_ENABLE_OBJC_ARC = YES;
				CLANG_ENABLE_OBJC_WEAK = YES;
				CLANG_WARN_BLOCK_CAPTURE_AUTORELEASING = YES;
				CLANG_WARN_BOOL_CONVERSION = YES;
				CLANG_WARN_COMMA = YES;
				CLANG_WARN_CONSTANT_CONVERSION = YES;
				CLANG_WARN_DEPRECATED_OBJC_IMPLEMENTATIONS = YES;
				CLANG_WARN_DIRECT_OBJC_ISA_USAGE = YES_ERROR;
				CLANG_WARN_DOCUMENTATION_COMMENTS = YES;
				CLANG_WARN_EMPTY_BODY = YES;
				CLANG_WARN_ENUM_CONVERSION = YES;
				CLANG_WARN_INFINITE_RECURSION = YES;
				CLANG_WARN_INT_CONVERSION = YES;
				CLANG_WARN_NON_LITERAL_NULL_CONVERSION = YES;
				CLANG_WARN_OBJC_IMPLICIT_RETAIN_SELF = YES;
				CLANG_WARN_OBJC_LITERAL_CONVERSION = YES;
				CLANG_WARN_OBJC_ROOT_CLASS = YES_ERROR;
				CLANG_WARN_QUOTED_INCLUDE_IN_FRAMEWORK_HEADER = YES;
				CLANG_WARN_RANGE_LOOP_ANALYSIS = YES;
				CLANG_WARN_STRICT_PROTOTYPES = YES;
				CLANG_WARN_SUSPICIOUS_MOVE = YES;
				CLANG_WARN_UNGUARDED_AVAILABILITY = YES_AGGRESSIVE;
				CLANG_WARN_UNREACHABLE_CODE = YES;
				CLANG_WARN__DUPLICATE_METHOD_MATCH = YES;
				COPY_PHASE_STRIP = NO;
				DEBUG_INFORMATION_FORMAT = "dwarf-with-dsym";
				ENABLE_NS_ASSERTIONS = NO;
				ENABLE_STRICT_OBJC_MSGSEND = YES;
				GCC_C_LANGUAGE_STANDARD = gnu11;
				GCC_NO_COMMON_BLOCKS = YES;
				GCC_WARN_64_TO_32_BIT_CONVERSION = YES;
				GCC_WARN_ABOUT_RETURN_TYPE = YES_ERROR;
				GCC_WARN_UNDECLARED_SELECTOR = YES;
				GCC_WARN_UNINITIALIZED_AUTOS = YES_AGGRESSIVE;
				GCC_WARN_UNUSED_FUNCTION = YES;
				GCC_WARN_UNUSED_VARIABLE = YES;
				IPHONEOS_DEPLOYMENT_TARGET = 14.5;
				MTL_ENABLE_DEBUG_INFO = NO;
				MTL_FAST_MATH = YES;
				SDKROOT = iphoneos;
				SWIFT_COMPILATION_MODE = wholemodule;
				SWIFT_OPTIMIZATION_LEVEL = "-O";
				VALIDATE_PRODUCT = YES;
			};
			name = Release;
		};
		F5D9D65227559CBD004F1BFD /* Debug */ = {
			isa = XCBuildConfiguration;
			buildSettings = {
				ASSETCATALOG_COMPILER_APPICON_NAME = AppIcon;
				ASSETCATALOG_COMPILER_GLOBAL_ACCENT_COLOR_NAME = AccentColor;
				CODE_SIGN_STYLE = Automatic;
				DEVELOPMENT_TEAM = 9AU82AYR43;
				INFOPLIST_FILE = IOSAssignmentTwo/Info.plist;
				LD_RUNPATH_SEARCH_PATHS = (
					"$(inherited)",
					"@executable_path/Frameworks",
				);
				PRODUCT_BUNDLE_IDENTIFIER = com.example.efaherty.IOSAssignmentTwo;
				PRODUCT_NAME = "$(TARGET_NAME)";
				SWIFT_VERSION = 5.0;
				TARGETED_DEVICE_FAMILY = "1,2";
			};
			name = Debug;
		};
		F5D9D65327559CBD004F1BFD /* Release */ = {
			isa = XCBuildConfiguration;
			buildSettings = {
				ASSETCATALOG_COMPILER_APPICON_NAME = AppIcon;
				ASSETCATALOG_COMPILER_GLOBAL_ACCENT_COLOR_NAME = AccentColor;
				CODE_SIGN_STYLE = Automatic;
				DEVELOPMENT_TEAM = 9AU82AYR43;
				INFOPLIST_FILE = IOSAssignmentTwo/Info.plist;
				LD_RUNPATH_SEARCH_PATHS = (
					"$(inherited)",
					"@executable_path/Frameworks",
				);
				PRODUCT_BUNDLE_IDENTIFIER = com.example.efaherty.IOSAssignmentTwo;
				PRODUCT_NAME = "$(TARGET_NAME)";
				SWIFT_VERSION = 5.0;
				TARGETED_DEVICE_FAMILY = "1,2";
			};
			name = Release;
		};
		F5D9D65527559CBD004F1BFD /* Debug */ = {
			isa = XCBuildConfiguration;
			buildSettings = {
				ALWAYS_EMBED_SWIFT_STANDARD_LIBRARIES = YES;
				BUNDLE_LOADER = "$(TEST_HOST)";
				CODE_SIGN_STYLE = Automatic;
				DEVELOPMENT_TEAM = 9AU82AYR43;
				INFOPLIST_FILE = IOSAssignmentTwoTests/Info.plist;
				IPHONEOS_DEPLOYMENT_TARGET = 14.5;
				LD_RUNPATH_SEARCH_PATHS = (
					"$(inherited)",
					"@executable_path/Frameworks",
					"@loader_path/Frameworks",
				);
				PRODUCT_BUNDLE_IDENTIFIER = com.example.efaherty.IOSAssignmentTwoTests;
				PRODUCT_NAME = "$(TARGET_NAME)";
				SWIFT_VERSION = 5.0;
				TARGETED_DEVICE_FAMILY = "1,2";
				TEST_HOST = "$(BUILT_PRODUCTS_DIR)/IOSAssignmentTwo.app/IOSAssignmentTwo";
			};
			name = Debug;
		};
		F5D9D65627559CBD004F1BFD /* Release */ = {
			isa = XCBuildConfiguration;
			buildSettings = {
				ALWAYS_EMBED_SWIFT_STANDARD_LIBRARIES = YES;
				BUNDLE_LOADER = "$(TEST_HOST)";
				CODE_SIGN_STYLE = Automatic;
				DEVELOPMENT_TEAM = 9AU82AYR43;
				INFOPLIST_FILE = IOSAssignmentTwoTests/Info.plist;
				IPHONEOS_DEPLOYMENT_TARGET = 14.5;
				LD_RUNPATH_SEARCH_PATHS = (
					"$(inherited)",
					"@executable_path/Frameworks",
					"@loader_path/Frameworks",
				);
				PRODUCT_BUNDLE_IDENTIFIER = com.example.efaherty.IOSAssignmentTwoTests;
				PRODUCT_NAME = "$(TARGET_NAME)";
				SWIFT_VERSION = 5.0;
				TARGETED_DEVICE_FAMILY = "1,2";
				TEST_HOST = "$(BUILT_PRODUCTS_DIR)/IOSAssignmentTwo.app/IOSAssignmentTwo";
			};
			name = Release;
		};
		F5D9D65827559CBD004F1BFD /* Debug */ = {
			isa = XCBuildConfiguration;
			buildSettings = {
				ALWAYS_EMBED_SWIFT_STANDARD_LIBRARIES = YES;
				CODE_SIGN_STYLE = Automatic;
				DEVELOPMENT_TEAM = 9AU82AYR43;
				INFOPLIST_FILE = IOSAssignmentTwoUITests/Info.plist;
				LD_RUNPATH_SEARCH_PATHS = (
					"$(inherited)",
					"@executable_path/Frameworks",
					"@loader_path/Frameworks",
				);
				PRODUCT_BUNDLE_IDENTIFIER = com.example.efaherty.IOSAssignmentTwoUITests;
				PRODUCT_NAME = "$(TARGET_NAME)";
				SWIFT_VERSION = 5.0;
				TARGETED_DEVICE_FAMILY = "1,2";
				TEST_TARGET_NAME = IOSAssignmentTwo;
			};
			name = Debug;
		};
		F5D9D65927559CBD004F1BFD /* Release */ = {
			isa = XCBuildConfiguration;
			buildSettings = {
				ALWAYS_EMBED_SWIFT_STANDARD_LIBRARIES = YES;
				CODE_SIGN_STYLE = Automatic;
				DEVELOPMENT_TEAM = 9AU82AYR43;
				INFOPLIST_FILE = IOSAssignmentTwoUITests/Info.plist;
				LD_RUNPATH_SEARCH_PATHS = (
					"$(inherited)",
					"@executable_path/Frameworks",
					"@loader_path/Frameworks",
				);
				PRODUCT_BUNDLE_IDENTIFIER = com.example.efaherty.IOSAssignmentTwoUITests;
				PRODUCT_NAME = "$(TARGET_NAME)";
				SWIFT_VERSION = 5.0;
				TARGETED_DEVICE_FAMILY = "1,2";
				TEST_TARGET_NAME = IOSAssignmentTwo;
			};
			name = Release;
		};
/* End XCBuildConfiguration section */

/* Begin XCConfigurationList section */
		F5D9D62227559C8F004F1BFD /* Build configuration list for PBXProject "IOSAssignmentTwo" */ = {
			isa = XCConfigurationList;
			buildConfigurations = (
				F5D9D64F27559CBD004F1BFD /* Debug */,
				F5D9D65027559CBD004F1BFD /* Release */,
			);
			defaultConfigurationIsVisible = 0;
			defaultConfigurationName = Release;
		};
		F5D9D65127559CBD004F1BFD /* Build configuration list for PBXNativeTarget "IOSAssignmentTwo" */ = {
			isa = XCConfigurationList;
			buildConfigurations = (
				F5D9D65227559CBD004F1BFD /* Debug */,
				F5D9D65327559CBD004F1BFD /* Release */,
			);
			defaultConfigurationIsVisible = 0;
			defaultConfigurationName = Release;
		};
		F5D9D65427559CBD004F1BFD /* Build configuration list for PBXNativeTarget "IOSAssignmentTwoTests" */ = {
			isa = XCConfigurationList;
			buildConfigurations = (
				F5D9D65527559CBD004F1BFD /* Debug */,
				F5D9D65627559CBD004F1BFD /* Release */,
			);
			defaultConfigurationIsVisible = 0;
			defaultConfigurationName = Release;
		};
		F5D9D65727559CBD004F1BFD /* Build configuration list for PBXNativeTarget "IOSAssignmentTwoUITests" */ = {
			isa = XCConfigurationList;
			buildConfigurations = (
				F5D9D65827559CBD004F1BFD /* Debug */,
				F5D9D65927559CBD004F1BFD /* Release */,
			);
			defaultConfigurationIsVisible = 0;
			defaultConfigurationName = Release;
		};
/* End XCConfigurationList section */
	};
	rootObject = F5D9D61F27559C8F004F1BFD /* Project object */;
}
